
Microsoft Visual Studio Solution File, Format Version 12.00
# Visual Studio Version 17
VisualStudioVersion = 17.8.34525.116
MinimumVisualStudioVersion = 10.0.40219.1
Project("{2150E333-8FDC-42A3-9474-1A3956D46DE8}") = "src", "src", "{1C9DAF82-B9B4-43BB-B9D8-825DA5E4380E}"
EndProject
Project("{2150E333-8FDC-42A3-9474-1A3956D46DE8}") = "tests", "tests", "{7FF79821-8B43-44EC-BA75-CEAACF05140F}"
EndProject
Project("{9A19103F-16F7-4668-BE54-9A1E7A4F7556}") = "RocketseatAuction.API", "src\RocketseatAuction.API\RocketseatAuction.API.csproj", "{BE22BEA8-22BE-4FF3-B08D-DF638D26A019}"
EndProject
Project("{FAE04EC0-301F-11D3-BF4B-00C04F79EFBC}") = "UseCases.Test", "tests\UseCases.Test\UseCases.Test.csproj", "{8B03C8A4-1A14-480A-8866-C02B52C8107F}"
EndProject
Global
	GlobalSection(SolutionConfigurationPlatforms) = preSolution
		Debug|Any CPU = Debug|Any CPU
		Release|Any CPU = Release|Any CPU
	EndGlobalSection
	GlobalSection(ProjectConfigurationPlatforms) = postSolution
		{BE22BEA8-22BE-4FF3-B08D-DF638D26A019}.Debug|Any CPU.ActiveCfg = Debug|Any CPU
		{BE22BEA8-22BE-4FF3-B08D-DF638D26A019}.Debug|Any CPU.Build.0 = Debug|Any CPU
		{BE22BEA8-22BE-4FF3-B08D-DF638D26A019}.Release|Any CPU.ActiveCfg = Release|Any CPU
		{BE22BEA8-22BE-4FF3-B08D-DF638D26A019}.Release|Any CPU.Build.0 = Release|Any CPU
		{8B03C8A4-1A14-480A-8866-C02B52C8107F}.Debug|Any CPU.ActiveCfg = Debug|Any CPU
		{8B03C8A4-1A14-480A-8866-C02B52C8107F}.Debug|Any CPU.Build.0 = Debug|Any CPU
		{8B03C8A4-1A14-480A-8866-C02B52C8107F}.Release|Any CPU.ActiveCfg = Release|Any CPU
		{8B03C8A4-1A14-480A-8866-C02B52C8107F}.Release|Any CPU.Build.0 = Release|Any CPU
	EndGlobalSection
	GlobalSection(SolutionProperties) = preSolution
		HideSolutionNode = FALSE
	EndGlobalSection
	GlobalSection(NestedProjects) = preSolution
		{BE22BEA8-22BE-4FF3-B08D-DF638D26A019} = {1C9DAF82-B9B4-43BB-B9D8-825DA5E4380E}
		{8B03C8A4-1A14-480A-8866-C02B52C8107F} = {7FF79821-8B43-44EC-BA75-CEAACF05140F}
	EndGlobalSection
	GlobalSection(ExtensibilityGlobals) = postSolution
		SolutionGuid = {DEEEB31F-6C88-416B-857F-FC3A6CCE33CC}
	EndGlobalSection
EndGlobal
